
Microsoft Visual Studio Solution File, Format Version 12.00
# Visual Studio 15
VisualStudioVersion = 15.0.26124.0
MinimumVisualStudioVersion = 15.0.26124.0
Project("{2150E333-8FDC-42A3-9474-1A3956D46DE8}") = "test", "test", "{8F7A9FAD-CFDF-4352-A8D6-61134D1D9C91}"
EndProject
Project("{FAE04EC0-301F-11D3-BF4B-00C04F79EFBC}") = "CommandAPI.Tests", "test\CommandAPI.Tests\CommandAPI.Tests.csproj", "{A942F07F-20A3-4531-ACA9-0BA4027D8914}"
EndProject
Project("{2150E333-8FDC-42A3-9474-1A3956D46DE8}") = "src", "src", "{A3F5506C-1612-4CDE-84D7-7344128B905B}"
EndProject
Project("{FAE04EC0-301F-11D3-BF4B-00C04F79EFBC}") = "CommandAPI", "src\CommandAPI\CommandAPI.csproj", "{9124B2A6-E13A-4115-B424-F7EDCAC02C7A}"
EndProject
Global
	GlobalSection(SolutionConfigurationPlatforms) = preSolution
		Debug|Any CPU = Debug|Any CPU
		Debug|x64 = Debug|x64
		Debug|x86 = Debug|x86
		Release|Any CPU = Release|Any CPU
		Release|x64 = Release|x64
		Release|x86 = Release|x86
	EndGlobalSection
	GlobalSection(SolutionProperties) = preSolution
		HideSolutionNode = FALSE
	EndGlobalSection
	GlobalSection(ProjectConfigurationPlatforms) = postSolution
		{A942F07F-20A3-4531-ACA9-0BA4027D8914}.Debug|Any CPU.ActiveCfg = Debug|Any CPU
		{A942F07F-20A3-4531-ACA9-0BA4027D8914}.Debug|Any CPU.Build.0 = Debug|Any CPU
		{A942F07F-20A3-4531-ACA9-0BA4027D8914}.Debug|x64.ActiveCfg = Debug|Any CPU
		{A942F07F-20A3-4531-ACA9-0BA4027D8914}.Debug|x64.Build.0 = Debug|Any CPU
		{A942F07F-20A3-4531-ACA9-0BA4027D8914}.Debug|x86.ActiveCfg = Debug|Any CPU
		{A942F07F-20A3-4531-ACA9-0BA4027D8914}.Debug|x86.Build.0 = Debug|Any CPU
		{A942F07F-20A3-4531-ACA9-0BA4027D8914}.Release|Any CPU.ActiveCfg = Release|Any CPU
		{A942F07F-20A3-4531-ACA9-0BA4027D8914}.Release|Any CPU.Build.0 = Release|Any CPU
		{A942F07F-20A3-4531-ACA9-0BA4027D8914}.Release|x64.ActiveCfg = Release|Any CPU
		{A942F07F-20A3-4531-ACA9-0BA4027D8914}.Release|x64.Build.0 = Release|Any CPU
		{A942F07F-20A3-4531-ACA9-0BA4027D8914}.Release|x86.ActiveCfg = Release|Any CPU
		{A942F07F-20A3-4531-ACA9-0BA4027D8914}.Release|x86.Build.0 = Release|Any CPU
		{9124B2A6-E13A-4115-B424-F7EDCAC02C7A}.Debug|Any CPU.ActiveCfg = Debug|Any CPU
		{9124B2A6-E13A-4115-B424-F7EDCAC02C7A}.Debug|Any CPU.Build.0 = Debug|Any CPU
		{9124B2A6-E13A-4115-B424-F7EDCAC02C7A}.Debug|x64.ActiveCfg = Debug|Any CPU
		{9124B2A6-E13A-4115-B424-F7EDCAC02C7A}.Debug|x64.Build.0 = Debug|Any CPU
		{9124B2A6-E13A-4115-B424-F7EDCAC02C7A}.Debug|x86.ActiveCfg = Debug|Any CPU
		{9124B2A6-E13A-4115-B424-F7EDCAC02C7A}.Debug|x86.Build.0 = Debug|Any CPU
		{9124B2A6-E13A-4115-B424-F7EDCAC02C7A}.Release|Any CPU.ActiveCfg = Release|Any CPU
		{9124B2A6-E13A-4115-B424-F7EDCAC02C7A}.Release|Any CPU.Build.0 = Release|Any CPU
		{9124B2A6-E13A-4115-B424-F7EDCAC02C7A}.Release|x64.ActiveCfg = Release|Any CPU
		{9124B2A6-E13A-4115-B424-F7EDCAC02C7A}.Release|x64.Build.0 = Release|Any CPU
		{9124B2A6-E13A-4115-B424-F7EDCAC02C7A}.Release|x86.ActiveCfg = Release|Any CPU
		{9124B2A6-E13A-4115-B424-F7EDCAC02C7A}.Release|x86.Build.0 = Release|Any CPU
	EndGlobalSection
	GlobalSection(NestedProjects) = preSolution
		{A942F07F-20A3-4531-ACA9-0BA4027D8914} = {8F7A9FAD-CFDF-4352-A8D6-61134D1D9C91}
		{9124B2A6-E13A-4115-B424-F7EDCAC02C7A} = {A3F5506C-1612-4CDE-84D7-7344128B905B}
	EndGlobalSection
EndGlobal
